{
  "originHash" : "b4aaf4d9b5a0b839f1385ad1ffaa6551138d166e0a5d7a0401efeb8953e12dc2",
  "pins" : [
    {
      "identity" : "memoirs-ios",
      "kind" : "remoteSourceControl",
      "location" : "https://github.com/bealex/memoirs-ios.git",
      "state" : {
        "revision" : "5596795cc2c21e7980228af075a2b9ce9748d27d",
        "version" : "2.0.3"
      }
    },
    {
      "identity" : "swiftolp3",
      "kind" : "remoteSourceControl",
      "location" : "https://github.com/bealex/SwiftOLP3.git",
      "state" : {
        "branch" : "main",
        "revision" : "935140c77a454c5dbb4ded609b8003a6fe1237da"
      }
    }
  ],
  "version" : 3
}
