{
  "originHash" : "c16e843b9693a3f984a66e53785bff8e2a414965574fb4b7ec4b36f694e59902",
  "pins" : [
    {
      "identity" : "memoirs-ios",
      "kind" : "remoteSourceControl",
      "location" : "https://github.com/bealex/memoirs-ios.git",
      "state" : {
        "revision" : "5596795cc2c21e7980228af075a2b9ce9748d27d",
        "version" : "2.0.3"
      }
    },
    {
      "identity" : "swiftolp3",
      "kind" : "remoteSourceControl",
      "location" : "https://github.com/bealex/SwiftOLP3.git",
      "state" : {
        "branch" : "main",
        "revision" : "956d440d507de25a89b62f6aea917915338712a0"
      }
    }
  ],
  "version" : 3
}
